
Microsoft Visual Studio Solution File, Format Version 12.00
# Visual Studio Version 16
VisualStudioVersion = 16.0.29728.190
MinimumVisualStudioVersion = 10.0.40219.1
Project("{9A19103F-16F7-4668-BE54-9A1E7A4F7556}") = "BlazorMultiComputerVisionServer", "BlazorMultiComputerVisionServer\BlazorMultiComputerVisionServer.csproj", "{262F030A-9E6C-4F68-B429-BC9F33EECB06}"
EndProject
Project("{9A19103F-16F7-4668-BE54-9A1E7A4F7556}") = "MultiComputerVisionService", "MultiComputerVisionService\MultiComputerVisionService.csproj", "{E360BB60-33A8-46C0-A5EA-44D8BDAB78D1}"
EndProject
Project("{9A19103F-16F7-4668-BE54-9A1E7A4F7556}") = "BlazorMultiComputerVisionWebasm.Server", "BlazorMultiComputerVisionWebasm\Server\BlazorMultiComputerVisionWebasm.Server.csproj", "{B6BF3D2C-FA3B-4BB5-99E7-D50451EFFD44}"
EndProject
Project("{9A19103F-16F7-4668-BE54-9A1E7A4F7556}") = "BlazorMultiComputerVisionWebasm.Client", "BlazorMultiComputerVisionWebasm\Client\BlazorMultiComputerVisionWebasm.Client.csproj", "{4439E35F-7E19-4B71-B072-1C54ACE5362A}"
EndProject
Project("{9A19103F-16F7-4668-BE54-9A1E7A4F7556}") = "MultiComputerVisionIdentityService", "MultiComputerVisionIdentityService\MultiComputerVisionIdentityService.csproj", "{8DD985CB-4EE6-453B-A7C8-7647CF5FF038}"
EndProject
Project("{9A19103F-16F7-4668-BE54-9A1E7A4F7556}") = "MultiComputerVisionRazorComponents", "MultiComputerVisionRazorComponents\MultiComputerVisionRazorComponents.csproj", "{822D4022-09EF-45CC-AC87-570CDF73CA4F}"
EndProject
Project("{FAE04EC0-301F-11D3-BF4B-00C04F79EFBC}") = "MultiComputerVisionApp.Android", "MultiComputerVisionApp\MultiComputerVisionApp.Android\MultiComputerVisionApp.Android.csproj", "{95AE14A6-FAF8-4B9A-98A6-0B2AAB0E9B1F}"
EndProject
Project("{9A19103F-16F7-4668-BE54-9A1E7A4F7556}") = "MultiComputerVisionApp", "MultiComputerVisionApp\MultiComputerVisionApp\MultiComputerVisionApp.csproj", "{A6A8AB61-87D4-4BB5-93E5-93A712E92AE7}"
EndProject
Project("{FAE04EC0-301F-11D3-BF4B-00C04F79EFBC}") = "MultiComputerVisionApp.iOS", "MultiComputerVisionApp\MultiComputerVisionApp.iOS\MultiComputerVisionApp.iOS.csproj", "{1A08C8A9-5212-4224-92C6-7DD098CAAAFE}"
EndProject
Global
	GlobalSection(SolutionConfigurationPlatforms) = preSolution
		Debug|Any CPU = Debug|Any CPU
		Debug|iPhone = Debug|iPhone
		Debug|iPhoneSimulator = Debug|iPhoneSimulator
		Release|Any CPU = Release|Any CPU
		Release|iPhone = Release|iPhone
		Release|iPhoneSimulator = Release|iPhoneSimulator
	EndGlobalSection
	GlobalSection(ProjectConfigurationPlatforms) = postSolution
		{262F030A-9E6C-4F68-B429-BC9F33EECB06}.Debug|Any CPU.ActiveCfg = Debug|Any CPU
		{262F030A-9E6C-4F68-B429-BC9F33EECB06}.Debug|Any CPU.Build.0 = Debug|Any CPU
		{262F030A-9E6C-4F68-B429-BC9F33EECB06}.Debug|iPhone.ActiveCfg = Debug|Any CPU
		{262F030A-9E6C-4F68-B429-BC9F33EECB06}.Debug|iPhone.Build.0 = Debug|Any CPU
		{262F030A-9E6C-4F68-B429-BC9F33EECB06}.Debug|iPhoneSimulator.ActiveCfg = Debug|Any CPU
		{262F030A-9E6C-4F68-B429-BC9F33EECB06}.Debug|iPhoneSimulator.Build.0 = Debug|Any CPU
		{262F030A-9E6C-4F68-B429-BC9F33EECB06}.Release|Any CPU.ActiveCfg = Release|Any CPU
		{262F030A-9E6C-4F68-B429-BC9F33EECB06}.Release|Any CPU.Build.0 = Release|Any CPU
		{262F030A-9E6C-4F68-B429-BC9F33EECB06}.Release|iPhone.ActiveCfg = Release|Any CPU
		{262F030A-9E6C-4F68-B429-BC9F33EECB06}.Release|iPhone.Build.0 = Release|Any CPU
		{262F030A-9E6C-4F68-B429-BC9F33EECB06}.Release|iPhoneSimulator.ActiveCfg = Release|Any CPU
		{262F030A-9E6C-4F68-B429-BC9F33EECB06}.Release|iPhoneSimulator.Build.0 = Release|Any CPU
		{E360BB60-33A8-46C0-A5EA-44D8BDAB78D1}.Debug|Any CPU.ActiveCfg = Debug|Any CPU
		{E360BB60-33A8-46C0-A5EA-44D8BDAB78D1}.Debug|Any CPU.Build.0 = Debug|Any CPU
		{E360BB60-33A8-46C0-A5EA-44D8BDAB78D1}.Debug|iPhone.ActiveCfg = Debug|Any CPU
		{E360BB60-33A8-46C0-A5EA-44D8BDAB78D1}.Debug|iPhone.Build.0 = Debug|Any CPU
		{E360BB60-33A8-46C0-A5EA-44D8BDAB78D1}.Debug|iPhoneSimulator.ActiveCfg = Debug|Any CPU
		{E360BB60-33A8-46C0-A5EA-44D8BDAB78D1}.Debug|iPhoneSimulator.Build.0 = Debug|Any CPU
		{E360BB60-33A8-46C0-A5EA-44D8BDAB78D1}.Release|Any CPU.ActiveCfg = Release|Any CPU
		{E360BB60-33A8-46C0-A5EA-44D8BDAB78D1}.Release|Any CPU.Build.0 = Release|Any CPU
		{E360BB60-33A8-46C0-A5EA-44D8BDAB78D1}.Release|iPhone.ActiveCfg = Release|Any CPU
		{E360BB60-33A8-46C0-A5EA-44D8BDAB78D1}.Release|iPhone.Build.0 = Release|Any CPU
		{E360BB60-33A8-46C0-A5EA-44D8BDAB78D1}.Release|iPhoneSimulator.ActiveCfg = Release|Any CPU
		{E360BB60-33A8-46C0-A5EA-44D8BDAB78D1}.Release|iPhoneSimulator.Build.0 = Release|Any CPU
		{B6BF3D2C-FA3B-4BB5-99E7-D50451EFFD44}.Debug|Any CPU.ActiveCfg = Debug|Any CPU
		{B6BF3D2C-FA3B-4BB5-99E7-D50451EFFD44}.Debug|Any CPU.Build.0 = Debug|Any CPU
		{B6BF3D2C-FA3B-4BB5-99E7-D50451EFFD44}.Debug|iPhone.ActiveCfg = Debug|Any CPU
		{B6BF3D2C-FA3B-4BB5-99E7-D50451EFFD44}.Debug|iPhone.Build.0 = Debug|Any CPU
		{B6BF3D2C-FA3B-4BB5-99E7-D50451EFFD44}.Debug|iPhoneSimulator.ActiveCfg = Debug|Any CPU
		{B6BF3D2C-FA3B-4BB5-99E7-D50451EFFD44}.Debug|iPhoneSimulator.Build.0 = Debug|Any CPU
		{B6BF3D2C-FA3B-4BB5-99E7-D50451EFFD44}.Release|Any CPU.ActiveCfg = Release|Any CPU
		{B6BF3D2C-FA3B-4BB5-99E7-D50451EFFD44}.Release|Any CPU.Build.0 = Release|Any CPU
		{B6BF3D2C-FA3B-4BB5-99E7-D50451EFFD44}.Release|iPhone.ActiveCfg = Release|Any CPU
		{B6BF3D2C-FA3B-4BB5-99E7-D50451EFFD44}.Release|iPhone.Build.0 = Release|Any CPU
		{B6BF3D2C-FA3B-4BB5-99E7-D50451EFFD44}.Release|iPhoneSimulator.ActiveCfg = Release|Any CPU
		{B6BF3D2C-FA3B-4BB5-99E7-D50451EFFD44}.Release|iPhoneSimulator.Build.0 = Release|Any CPU
		{4439E35F-7E19-4B71-B072-1C54ACE5362A}.Debug|Any CPU.ActiveCfg = Debug|Any CPU
		{4439E35F-7E19-4B71-B072-1C54ACE5362A}.Debug|Any CPU.Build.0 = Debug|Any CPU
		{4439E35F-7E19-4B71-B072-1C54ACE5362A}.Debug|iPhone.ActiveCfg = Debug|Any CPU
		{4439E35F-7E19-4B71-B072-1C54ACE5362A}.Debug|iPhone.Build.0 = Debug|Any CPU
		{4439E35F-7E19-4B71-B072-1C54ACE5362A}.Debug|iPhoneSimulator.ActiveCfg = Debug|Any CPU
		{4439E35F-7E19-4B71-B072-1C54ACE5362A}.Debug|iPhoneSimulator.Build.0 = Debug|Any CPU
		{4439E35F-7E19-4B71-B072-1C54ACE5362A}.Release|Any CPU.ActiveCfg = Release|Any CPU
		{4439E35F-7E19-4B71-B072-1C54ACE5362A}.Release|Any CPU.Build.0 = Release|Any CPU
		{4439E35F-7E19-4B71-B072-1C54ACE5362A}.Release|iPhone.ActiveCfg = Release|Any CPU
		{4439E35F-7E19-4B71-B072-1C54ACE5362A}.Release|iPhone.Build.0 = Release|Any CPU
		{4439E35F-7E19-4B71-B072-1C54ACE5362A}.Release|iPhoneSimulator.ActiveCfg = Release|Any CPU
		{4439E35F-7E19-4B71-B072-1C54ACE5362A}.Release|iPhoneSimulator.Build.0 = Release|Any CPU
		{8DD985CB-4EE6-453B-A7C8-7647CF5FF038}.Debug|Any CPU.ActiveCfg = Debug|Any CPU
		{8DD985CB-4EE6-453B-A7C8-7647CF5FF038}.Debug|Any CPU.Build.0 = Debug|Any CPU
		{8DD985CB-4EE6-453B-A7C8-7647CF5FF038}.Debug|iPhone.ActiveCfg = Debug|Any CPU
		{8DD985CB-4EE6-453B-A7C8-7647CF5FF038}.Debug|iPhone.Build.0 = Debug|Any CPU
		{8DD985CB-4EE6-453B-A7C8-7647CF5FF038}.Debug|iPhoneSimulator.ActiveCfg = Debug|Any CPU
		{8DD985CB-4EE6-453B-A7C8-7647CF5FF038}.Debug|iPhoneSimulator.Build.0 = Debug|Any CPU
		{8DD985CB-4EE6-453B-A7C8-7647CF5FF038}.Release|Any CPU.ActiveCfg = Release|Any CPU
		{8DD985CB-4EE6-453B-A7C8-7647CF5FF038}.Release|Any CPU.Build.0 = Release|Any CPU
		{8DD985CB-4EE6-453B-A7C8-7647CF5FF038}.Release|iPhone.ActiveCfg = Release|Any CPU
		{8DD985CB-4EE6-453B-A7C8-7647CF5FF038}.Release|iPhone.Build.0 = Release|Any CPU
		{8DD985CB-4EE6-453B-A7C8-7647CF5FF038}.Release|iPhoneSimulator.ActiveCfg = Release|Any CPU
		{8DD985CB-4EE6-453B-A7C8-7647CF5FF038}.Release|iPhoneSimulator.Build.0 = Release|Any CPU
		{822D4022-09EF-45CC-AC87-570CDF73CA4F}.Debug|Any CPU.ActiveCfg = Debug|Any CPU
		{822D4022-09EF-45CC-AC87-570CDF73CA4F}.Debug|Any CPU.Build.0 = Debug|Any CPU
		{822D4022-09EF-45CC-AC87-570CDF73CA4F}.Debug|iPhone.ActiveCfg = Debug|Any CPU
		{822D4022-09EF-45CC-AC87-570CDF73CA4F}.Debug|iPhone.Build.0 = Debug|Any CPU
		{822D4022-09EF-45CC-AC87-570CDF73CA4F}.Debug|iPhoneSimulator.ActiveCfg = Debug|Any CPU
		{822D4022-09EF-45CC-AC87-570CDF73CA4F}.Debug|iPhoneSimulator.Build.0 = Debug|Any CPU
		{822D4022-09EF-45CC-AC87-570CDF73CA4F}.Release|Any CPU.ActiveCfg = Release|Any CPU
		{822D4022-09EF-45CC-AC87-570CDF73CA4F}.Release|Any CPU.Build.0 = Release|Any CPU
		{822D4022-09EF-45CC-AC87-570CDF73CA4F}.Release|iPhone.ActiveCfg = Release|Any CPU
		{822D4022-09EF-45CC-AC87-570CDF73CA4F}.Release|iPhone.Build.0 = Release|Any CPU
		{822D4022-09EF-45CC-AC87-570CDF73CA4F}.Release|iPhoneSimulator.ActiveCfg = Release|Any CPU
		{822D4022-09EF-45CC-AC87-570CDF73CA4F}.Release|iPhoneSimulator.Build.0 = Release|Any CPU
		{95AE14A6-FAF8-4B9A-98A6-0B2AAB0E9B1F}.Debug|Any CPU.ActiveCfg = Debug|Any CPU
		{95AE14A6-FAF8-4B9A-98A6-0B2AAB0E9B1F}.Debug|Any CPU.Build.0 = Debug|Any CPU
		{95AE14A6-FAF8-4B9A-98A6-0B2AAB0E9B1F}.Debug|Any CPU.Deploy.0 = Debug|Any CPU
		{95AE14A6-FAF8-4B9A-98A6-0B2AAB0E9B1F}.Debug|iPhone.ActiveCfg = Debug|Any CPU
		{95AE14A6-FAF8-4B9A-98A6-0B2AAB0E9B1F}.Debug|iPhone.Build.0 = Debug|Any CPU
		{95AE14A6-FAF8-4B9A-98A6-0B2AAB0E9B1F}.Debug|iPhone.Deploy.0 = Debug|Any CPU
		{95AE14A6-FAF8-4B9A-98A6-0B2AAB0E9B1F}.Debug|iPhoneSimulator.ActiveCfg = Debug|Any CPU
		{95AE14A6-FAF8-4B9A-98A6-0B2AAB0E9B1F}.Debug|iPhoneSimulator.Build.0 = Debug|Any CPU
		{95AE14A6-FAF8-4B9A-98A6-0B2AAB0E9B1F}.Debug|iPhoneSimulator.Deploy.0 = Debug|Any CPU
		{95AE14A6-FAF8-4B9A-98A6-0B2AAB0E9B1F}.Release|Any CPU.ActiveCfg = Release|Any CPU
		{95AE14A6-FAF8-4B9A-98A6-0B2AAB0E9B1F}.Release|Any CPU.Build.0 = Release|Any CPU
		{95AE14A6-FAF8-4B9A-98A6-0B2AAB0E9B1F}.Release|Any CPU.Deploy.0 = Release|Any CPU
		{95AE14A6-FAF8-4B9A-98A6-0B2AAB0E9B1F}.Release|iPhone.ActiveCfg = Release|Any CPU
		{95AE14A6-FAF8-4B9A-98A6-0B2AAB0E9B1F}.Release|iPhone.Build.0 = Release|Any CPU
		{95AE14A6-FAF8-4B9A-98A6-0B2AAB0E9B1F}.Release|iPhone.Deploy.0 = Release|Any CPU
		{95AE14A6-FAF8-4B9A-98A6-0B2AAB0E9B1F}.Release|iPhoneSimulator.ActiveCfg = Release|Any CPU
		{95AE14A6-FAF8-4B9A-98A6-0B2AAB0E9B1F}.Release|iPhoneSimulator.Build.0 = Release|Any CPU
		{95AE14A6-FAF8-4B9A-98A6-0B2AAB0E9B1F}.Release|iPhoneSimulator.Deploy.0 = Release|Any CPU
		{A6A8AB61-87D4-4BB5-93E5-93A712E92AE7}.Debug|Any CPU.ActiveCfg = Debug|Any CPU
		{A6A8AB61-87D4-4BB5-93E5-93A712E92AE7}.Debug|Any CPU.Build.0 = Debug|Any CPU
		{A6A8AB61-87D4-4BB5-93E5-93A712E92AE7}.Debug|iPhone.ActiveCfg = Debug|Any CPU
		{A6A8AB61-87D4-4BB5-93E5-93A712E92AE7}.Debug|iPhone.Build.0 = Debug|Any CPU
		{A6A8AB61-87D4-4BB5-93E5-93A712E92AE7}.Debug|iPhoneSimulator.ActiveCfg = Debug|Any CPU
		{A6A8AB61-87D4-4BB5-93E5-93A712E92AE7}.Debug|iPhoneSimulator.Build.0 = Debug|Any CPU
		{A6A8AB61-87D4-4BB5-93E5-93A712E92AE7}.Release|Any CPU.ActiveCfg = Release|Any CPU
		{A6A8AB61-87D4-4BB5-93E5-93A712E92AE7}.Release|Any CPU.Build.0 = Release|Any CPU
		{A6A8AB61-87D4-4BB5-93E5-93A712E92AE7}.Release|iPhone.ActiveCfg = Release|Any CPU
		{A6A8AB61-87D4-4BB5-93E5-93A712E92AE7}.Release|iPhone.Build.0 = Release|Any CPU
		{A6A8AB61-87D4-4BB5-93E5-93A712E92AE7}.Release|iPhoneSimulator.ActiveCfg = Release|Any CPU
		{A6A8AB61-87D4-4BB5-93E5-93A712E92AE7}.Release|iPhoneSimulator.Build.0 = Release|Any CPU
		{1A08C8A9-5212-4224-92C6-7DD098CAAAFE}.Debug|Any CPU.ActiveCfg = Debug|iPhone
		{1A08C8A9-5212-4224-92C6-7DD098CAAAFE}.Debug|iPhone.ActiveCfg = Debug|iPhone
		{1A08C8A9-5212-4224-92C6-7DD098CAAAFE}.Debug|iPhone.Build.0 = Debug|iPhone
		{1A08C8A9-5212-4224-92C6-7DD098CAAAFE}.Debug|iPhoneSimulator.ActiveCfg = Debug|iPhoneSimulator
		{1A08C8A9-5212-4224-92C6-7DD098CAAAFE}.Debug|iPhoneSimulator.Build.0 = Debug|iPhoneSimulator
		{1A08C8A9-5212-4224-92C6-7DD098CAAAFE}.Release|Any CPU.ActiveCfg = Release|iPhone
		{1A08C8A9-5212-4224-92C6-7DD098CAAAFE}.Release|iPhone.ActiveCfg = Release|iPhone
		{1A08C8A9-5212-4224-92C6-7DD098CAAAFE}.Release|iPhone.Build.0 = Release|iPhone
		{1A08C8A9-5212-4224-92C6-7DD098CAAAFE}.Release|iPhoneSimulator.ActiveCfg = Release|iPhoneSimulator
		{1A08C8A9-5212-4224-92C6-7DD098CAAAFE}.Release|iPhoneSimulator.Build.0 = Release|iPhoneSimulator
	EndGlobalSection
	GlobalSection(SolutionProperties) = preSolution
		HideSolutionNode = FALSE
	EndGlobalSection
	GlobalSection(ExtensibilityGlobals) = postSolution
		SolutionGuid = {6407C13A-9F59-40AE-A8E4-5258F48D6063}
	EndGlobalSection
EndGlobal
